
Microsoft Visual Studio Solution File, Format Version 12.00
# Visual Studio Version 17
VisualStudioVersion = 17.11.35327.3
MinimumVisualStudioVersion = 10.0.40219.1
Project("{FAE04EC0-301F-11D3-BF4B-00C04F79EFBC}") = "MEbAsariReproductionAddon", "MEbAsariReproductionAddon\MEbAsariReproductionAddon.csproj", "{9EA029A3-6114-4AF2-85BE-4E67C151D338}"
EndProject
Global
	GlobalSection(SolutionConfigurationPlatforms) = preSolution
		Debug|Any CPU = Debug|Any CPU
		Release|Any CPU = Release|Any CPU
	EndGlobalSection
	GlobalSection(ProjectConfigurationPlatforms) = postSolution
		{9EA029A3-6114-4AF2-85BE-4E67C151D338}.Debug|Any CPU.ActiveCfg = Debug|Any CPU
		{9EA029A3-6114-4AF2-85BE-4E67C151D338}.Debug|Any CPU.Build.0 = Debug|Any CPU
		{9EA029A3-6114-4AF2-85BE-4E67C151D338}.Release|Any CPU.ActiveCfg = Release|Any CPU
		{9EA029A3-6114-4AF2-85BE-4E67C151D338}.Release|Any CPU.Build.0 = Release|Any CPU
	EndGlobalSection
	GlobalSection(SolutionProperties) = preSolution
		HideSolutionNode = FALSE
	EndGlobalSection
	GlobalSection(ExtensibilityGlobals) = postSolution
		SolutionGuid = {48A10C85-5D3D-4773-9B16-19152A71587C}
	EndGlobalSection
EndGlobal
